
Microsoft Visual Studio Solution File, Format Version 12.00
Project("{FAE04EC0-301F-11D3-BF4B-00C04F79EFBC}") = "Task2", "Task2\Task2.csproj", "{73CE6523-453A-4E06-A165-DD89A5B4E8BC}"
EndProject
Global
	GlobalSection(SolutionConfigurationPlatforms) = preSolution
		Debug|Any CPU = Debug|Any CPU
		Release|Any CPU = Release|Any CPU
	EndGlobalSection
	GlobalSection(ProjectConfigurationPlatforms) = postSolution
		{73CE6523-453A-4E06-A165-DD89A5B4E8BC}.Debug|Any CPU.ActiveCfg = Debug|Any CPU
		{73CE6523-453A-4E06-A165-DD89A5B4E8BC}.Debug|Any CPU.Build.0 = Debug|Any CPU
		{73CE6523-453A-4E06-A165-DD89A5B4E8BC}.Release|Any CPU.ActiveCfg = Release|Any CPU
		{73CE6523-453A-4E06-A165-DD89A5B4E8BC}.Release|Any CPU.Build.0 = Release|Any CPU
	EndGlobalSection
EndGlobal
